# This file is autogenerated, do not edit; changes may be undone by the next 'dep ensure'.


[[projects]]
  digest = "1:8280a37746523b1140c1b99d3061bcd0a94d74dc131860dd419f7f5a9606fd00"
  name = "github.com/Clever/discovery-go"
  packages = ["."]
  pruneopts = ""
  revision = "da13a5b32689e5c3d4ca26db31271fff9315b3e3"
  version = "v1.7.2"

[[projects]]
  digest = "1:769619a1bf7a2c991b9c2ec4614d2e5993ca7ee02abb47bb2f0efff8b31e8d8a"
  name = "github.com/Clever/go-process-metrics"
  packages = ["metrics"]
  pruneopts = ""
  revision = "d963aeb82c93a543763a1dcb839ccf96be147d97"
  version = "v0.2.0"

[[projects]]
  branch = "master"
  digest = "1:a36386e1791929528fc7edf26d8b962231267b9d5fa14f7a7a543f20bd6708f2"
  name = "github.com/Clever/pq"
  packages = [
    ".",
    "oid",
  ]
  pruneopts = ""
  revision = "278004c23b92efa6c00c64eb17d3a3be8201e981"

[[projects]]
  digest = "1:860d1669c2397da67801046cb55d1903727b78b3bb9dc45f770f97e574c27ca1"
  name = "github.com/Clever/wag"
  packages = [
    "swagger",
    "templates",
    "utils",
  ]
  pruneopts = ""
  revision = "5165e7ff07c5df843a2ccbf33dc9bfe829663f81"
  version = "v1.6.1"

[[projects]]
  digest = "1:c0952fb3cf9506cff577b4edf4458889570dcbd2902a7b90a1fd96bfbb97ccd8"
  name = "github.com/PuerkitoBio/purell"
  packages = ["."]
  pruneopts = ""
  revision = "44968752391892e1b0d0b821ee79e9a85fa13049"
  version = "v1.1.1"

[[projects]]
  branch = "master"
  digest = "1:331a419049c2be691e5ba1d24342fc77c7e767a80c666a18fd8a9f7b82419c1c"
  name = "github.com/PuerkitoBio/urlesc"
  packages = ["."]
  pruneopts = ""
  revision = "de5bf2ad457846296e2031421a34e2568e304e35"

[[projects]]
  branch = "master"
  digest = "1:0ef07197f29c21ea0d5e3d0f686b5c7bed2e2c69cb8b4be6228d83ee9e4ed5ae"
  name = "github.com/afex/hystrix-go"
  packages = [
    "hystrix",
    "hystrix/metric_collector",
    "hystrix/rolling",
  ]
  pruneopts = ""
  revision = "fa1af6a1f4f56e0e50d427fe901cd604d8c6fb8a"

[[projects]]
  digest = "1:d5da200a006a54b7e35a0726656ac01b7165cc6fc6bee0cb06f629055de79b55"
  name = "github.com/asaskevich/govalidator"
  packages = ["."]
  pruneopts = ""
  revision = "df4adffc9d8ccd584481b637c2a768565bf2c4f1"
  version = "v11"

[[projects]]
  digest = "1:0deddd908b6b4b768cfc272c16ee61e7088a60f7fe2f06c547bd3d8e1f8b8e77"
  name = "github.com/davecgh/go-spew"
  packages = ["spew"]
  pruneopts = ""
  revision = "8991bc29aa16c548c550c7ff78260e27b9ab7c73"
  version = "v1.1.1"

[[projects]]
  branch = "master"
  digest = "1:917123ed8122468eb815cc418af3bbf298c91f9cb1c36164e063f50e1a726e97"
  name = "github.com/donovanhide/eventsource"
  packages = ["."]
  pruneopts = ""
  revision = "3ed64d21fb0b6bd8b49bcfec08f3004daee8723d"

[[projects]]
  digest = "1:f37073c0a3e6f534867278752f514827f4ccc7ee82e8cbba1ee735fc68b90619"
  name = "github.com/felixge/httpsnoop"
  packages = ["."]
  pruneopts = ""
  revision = "33ec42cfe005395fb4cc4b296781f65d7ffef2c3"
  version = "v1.0.1"

[[projects]]
  digest = "1:b13707423743d41665fd23f0c36b2f37bb49c30e94adb813319c44188a51ba22"
  name = "github.com/ghodss/yaml"
  packages = ["."]
  pruneopts = ""
  revision = "0ca9ea5df5451ffdf184b4428c902747c2c11cd7"
  version = "v1.0.0"

[[projects]]
  digest = "1:6620a2846e620b336589751988e2b5907cc80a5ee1f3170eb2423304f996eaeb"
  name = "github.com/go-errors/errors"
  packages = ["."]
  pruneopts = ""
  revision = "7c023725d0115f2e05423b2b43a8f85c42f7a6af"
  version = "v1.1.1"

[[projects]]
  digest = "1:054826e85cdd63dda4d85a6add6a093c52127b733ea85c836c9461ae5be4e74f"
  name = "github.com/go-openapi/analysis"
  packages = [
    ".",
    "internal",
  ]
  pruneopts = ""
  revision = "421cb960388d1c41b1d4f0eee5300257ac289c97"
  version = "v0.19.10"

[[projects]]
  digest = "1:7bdb4db5d49c81d4d82baafcd2d792c90a5fddded585499587b001f709101a57"
  name = "github.com/go-openapi/errors"
  packages = ["."]
  pruneopts = ""
  revision = "7f2246786dd6ea01e5e7fe8e0229a53ea48bc6c4"
  version = "v0.19.6"

[[projects]]
  digest = "1:47688961daa2895c860642608d671822b7b53fed1e3e3e2d46506f01dcddaae3"
  name = "github.com/go-openapi/jsonpointer"
  packages = ["."]
  pruneopts = ""
  revision = "ed123515f087412cd7ef02e49b0b0a5e6a79a360"
  version = "v0.19.3"

[[projects]]
  digest = "1:bf297f4800d1a670cf0081091c086bdc3439ce3e3793df9a17be47213818147e"
  name = "github.com/go-openapi/jsonreference"
  packages = ["."]
  pruneopts = ""
  revision = "7775307885f903b5e6808c24d81ead7eb136915f"
  version = "v0.19.4"

[[projects]]
  digest = "1:a01f55d5e2ea7013fe1077bcb759f5bfa0d8e3be82b362c25b71baac2cc2f39c"
  name = "github.com/go-openapi/loads"
  packages = ["."]
  pruneopts = ""
  revision = "18bb1f3437c08e833e5f629003bafc2a3884d19f"
  version = "v0.19.5"

[[projects]]
  digest = "1:a917a5d37cd4b44021382fe58bc5527f4accaa1804abb3777ba71c6537ef2109"
  name = "github.com/go-openapi/runtime"
  packages = ["."]
  pruneopts = ""
  revision = "1c9920cd23ed5a8a1413138dc62e9f5707a29401"
  version = "v0.19.21"

[[projects]]
  digest = "1:4f1411b7c4ab63592cce935c8e59c3b49cf232b4b43fe864e2b3f2de6b269271"
  name = "github.com/go-openapi/spec"
  packages = ["."]
  pruneopts = ""
  revision = "e7bc266bd09139be98b222b2ef8fbca0ffdb933d"
  version = "v0.19.9"

[[projects]]
  digest = "1:84be9ca34f8749b7427db74c2958548bb532127c1057254e31e199c49dc75856"
  name = "github.com/go-openapi/strfmt"
  packages = ["."]
  pruneopts = ""
  revision = "2887e74ed0fe2aea628affe322b19fc3112f98cd"
  version = "v0.19.5"

[[projects]]
  digest = "1:7f89974c92a751207c7b0eac0a728dc86f2d1e004c40a18554065d058d21a122"
  name = "github.com/go-openapi/swag"
  packages = ["."]
  pruneopts = ""
  revision = "ab98f8e6456407f6afd63e441c5304d6ef60cb7f"
  version = "v0.19.9"

[[projects]]
  digest = "1:6a96efe97216f39809df480b5648367fd939c5a3dcb4111350eadc9847f22863"
  name = "github.com/go-openapi/validate"
  packages = ["."]
  pruneopts = ""
  revision = "b4358e2166e999e752797fead269fb411dc700f7"
  version = "v0.19.10"

[[projects]]
  digest = "1:a01080d20c45c031c13f3828c56e58f4f51d926a482ad10cc0316225097eb7ea"
  name = "github.com/go-stack/stack"
  packages = ["."]
  pruneopts = ""
  revision = "2fee6af1a9795aafbe0253a0cfbdf668e1fb8a9a"
  version = "v1.8.0"

[[projects]]
  branch = "master"
  digest = "1:9759b88a5ee9dd4d1c0ae35d4753cbd23b1e4795e1d6b5b09d010b6055a634b5"
  name = "github.com/golang/mock"
  packages = [
    "gomock",
    "mockgen",
    "mockgen/model",
  ]
  pruneopts = ""
  revision = "eb4f98929efdc866a3ffd62c0a05654c5b12004d"

[[projects]]
  digest = "1:9bd66f1a97ec13d279a9d979b315fa4cb17303e71bf89243e70dd096f1be735d"
  name = "github.com/gorilla/handlers"
  packages = ["."]
  pruneopts = ""
  revision = "d453effd20e6817a8acfd9d278dadd21371da0ba"
  version = "v1.5.1"

[[projects]]
  digest = "1:20e3b61797cba6a42b110320b703a0b86e2771f324411e75557c2acbc819b1b5"
  name = "github.com/gorilla/mux"
  packages = ["."]
  pruneopts = ""
  revision = "98cb6bf42e086f6af920b965c38cacc07402d51b"
  version = "v1.8.0"

[[projects]]
  digest = "1:8e3bd93036b4a925fe2250d3e4f38f21cadb8ef623561cd80c3c50c114b13201"
  name = "github.com/hashicorp/errwrap"
  packages = ["."]
  pruneopts = ""
  revision = "8a6fb523712970c966eefc6b39ed2c5e74880354"
  version = "v1.0.0"

[[projects]]
  digest = "1:c6e569ffa34fcd24febd3562bff0520a104d15d1a600199cb3141debf2e58c89"
  name = "github.com/hashicorp/go-multierror"
  packages = ["."]
  pruneopts = ""
  revision = "2004d9dba6b07a5b8d133209244f376680f9d472"
  version = "v1.1.0"

[[projects]]
  digest = "1:3f2e33d49ad818172242d685bdc1fd6e78b61b4d89d223c873099c245c752828"
  name = "github.com/josharian/intern"
  packages = ["."]
  pruneopts = ""
  revision = "8e6ff32b3e7c0b018c43953085fe2ac330fe9acd"
  version = "v1.0.0"

[[projects]]
  branch = "master"
  digest = "1:17a07b60ea50bffc1e8bd84cf4f1e5fcc07f9a5f1c50bbbe3baebc91664fb772"
  name = "github.com/jteeuwen/go-bindata"
  packages = [
    ".",
    "go-bindata",
  ]
  pruneopts = ""
  revision = "6025e8de665b31fa74ab1a66f2cddd8c0abf887e"

[[projects]]
  branch = "master"
  digest = "1:e71cc6b377264002aec0d9c235087e51ad7a3c1fb341bb4baa84709308b94fe8"
  name = "github.com/kardianos/osext"
  packages = ["."]
  pruneopts = ""
  revision = "2bc1f35cddc0cc527b4bc3dce8578fc2a6c11384"

[[projects]]
  digest = "1:4cf68d6c45d5e78aa9608111e1d8af1aa1f209dd0f74bf3cc50d7780f9fb1a56"
  name = "github.com/kevinburke/go-bindata"
  packages = [
    ".",
    "go-bindata",
  ]
  pruneopts = ""
  revision = "a606d617e1d1546a2342de6fc4ed95c78e171d68"
  version = "v3.21.0"

[[projects]]
  digest = "1:6a25763dddfe95941279991cdfbcdf9303b8d76445c44e21313e77b4791a7c14"
  name = "github.com/mailru/easyjson"
  packages = [
    "buffer",
    "jlexer",
    "jwriter",
  ]
  pruneopts = ""
  revision = "8ab5ff9cd8e4e432e8b79f6c47d324a31dd803cf"
  version = "v0.7.6"

[[projects]]
  digest = "1:8871abddc1a4e30c0356055f65a3909a73b8847ca1e97e286a9ff7f5df8b92a2"
  name = "github.com/mitchellh/mapstructure"
  packages = ["."]
  pruneopts = ""
  revision = "9e1e4717f8567d7ead72d070d064ad17d444a67e"
  version = "v1.3.3"

[[projects]]
  digest = "1:b0507210d286ef45cac3af88d5be7abbfdda35fc354ee51db1014e33212f182a"
  name = "github.com/opentracing/opentracing-go"
  packages = [
    ".",
    "ext",
    "log",
  ]
  pruneopts = ""
  revision = "d34af3eaa63c4d08ab54863a4bdd0daa45212e12"
  version = "v1.2.0"

[[projects]]
  digest = "1:c45802472e0c06928cd997661f2af610accd85217023b1d5f6331bebce0671d3"
  name = "github.com/pkg/errors"
  packages = ["."]
  pruneopts = ""
  revision = "614d223910a179a466c1767a985424175c39b465"
  version = "v0.9.1"

[[projects]]
  digest = "1:256484dbbcd271f9ecebc6795b2df8cad4c458dd0f5fd82a8c2fa0c29f233411"
  name = "github.com/pmezard/go-difflib"
  packages = ["difflib"]
  pruneopts = ""
  revision = "792786c7400a136282c1664665ae0a8db921c6c2"
  version = "v1.0.0"

[[projects]]
  digest = "1:83fd2513b9f6ae0997bf646db6b74e9e00131e31002116fda597175f25add42d"
  name = "github.com/stretchr/testify"
  packages = [
    "assert",
    "require",
  ]
  pruneopts = ""
  revision = "f654a9112bbeac49ca2cd45bfbe11533c4666cf8"
  version = "v1.6.1"

[[projects]]
  digest = "1:53d327353fe718eeb2810f1c43ab71540a35d1b14b28f2c11c18dc0b96b7c41b"
  name = "github.com/uber/jaeger-client-go"
  packages = [
    ".",
    "config",
    "internal/baggage",
    "internal/baggage/remote",
    "internal/reporterstats",
    "internal/spanlog",
    "internal/throttler",
    "internal/throttler/remote",
    "log",
    "rpcmetrics",
    "thrift",
    "thrift-gen/agent",
    "thrift-gen/baggage",
    "thrift-gen/jaeger",
    "thrift-gen/sampling",
    "thrift-gen/zipkincore",
    "transport",
    "utils",
  ]
  pruneopts = ""
  revision = "121ee6fb26fd9617fc30d0d95569a39c30ca3b76"
  version = "v2.25.0"

[[projects]]
  digest = "1:6afbf06917cb67a1a895aecd38ff31bd691f4fad239e5ce468f2265359bee7b7"
  name = "github.com/uber/jaeger-lib"
  packages = ["metrics"]
  pruneopts = ""
  revision = "a87ae9d84fb038a8d79266298970720be7c80fcd"
  version = "v2.2.0"

[[projects]]
  branch = "master"
  digest = "1:5372ed388f189f6204f1864a2bae1ce9bbdf33f47528ffc776d31a649e3978aa"
  name = "github.com/xeipuuv/gojsonpointer"
  packages = ["."]
  pruneopts = ""
  revision = "02993c407bfbf5f6dae44c4f4b1cf6a39b5fc5bb"

[[projects]]
  branch = "master"
  digest = "1:604f98a38394d2805a78c462396a4992b93fdd5b7306130add330f1a99ac6b0a"
  name = "github.com/xeipuuv/gojsonreference"
  packages = ["."]
  pruneopts = ""
  revision = "bd5ef7bd5415a7ac448318e64f11a24cd21e594b"

[[projects]]
  branch = "master"
  digest = "1:225b26e2d1bcccbb48495d411cd38c73a5abd82ead929364b2bc73f1b3172aba"
  name = "github.com/xeipuuv/gojsonschema"
  packages = ["."]
  pruneopts = ""
  revision = "065759f9c3d72653843069184bab4f5622926edf"

[[projects]]
  digest = "1:8dee90d6c50c69091530c07f79180b6e7430a4d3c995e0cd5d3e3090d991a6e1"
  name = "go.mongodb.org/mongo-driver"
  packages = [
    "bson",
    "bson/bsoncodec",
    "bson/bsonoptions",
    "bson/bsonrw",
    "bson/bsontype",
    "bson/primitive",
    "x/bsonx/bsoncore",
  ]
  pruneopts = ""
  revision = "95ed2ee11705a9b1c1e29d05fae34024b7e60ba2"
  version = "v1.4.1"

[[projects]]
  digest = "1:31e0d99c1d16170fe209bc535a749da299e1cbe10d8273ab185a4b767786bdd5"
  name = "go.uber.org/atomic"
  packages = ["."]
  pruneopts = ""
  revision = "12f27ba2637fa0e13772a4f05fa46a5d18d53182"
  version = "v1.7.0"

[[projects]]
  digest = "1:ba49944a3238ae8f163c85b6d01d2db51cd5b09807105a3cfaacbd414744ca82"
  name = "golang.org/x/mod"
  packages = [
    "internal/lazyregexp",
    "modfile",
    "module",
    "semver",
  ]
  pruneopts = ""
  revision = "859b3ef565e237f9f1a0fb6b55385c497545680d"
  version = "v0.3.0"

[[projects]]
  branch = "master"
  digest = "1:6328971ba64f6476ca35920ff04f1be7f04c35ce450d0fbe8f65f82c1cd2c6ab"
  name = "golang.org/x/net"
  packages = [
    "context/ctxhttp",
    "idna",
  ]
  pruneopts = ""
  revision = "62affa334b73ec65ed44a326519ac12c421905e3"

[[projects]]
  digest = "1:fccda34e4c58111b1908d8d69bf8d57c41c8e2542bc18ec8cd38c4fa21057f71"
  name = "golang.org/x/text"
  packages = [
    "collate",
    "collate/build",
    "internal/colltab",
    "internal/gen",
    "internal/language",
    "internal/language/compact",
    "internal/tag",
    "internal/triegen",
    "internal/ucd",
    "language",
    "secure/bidirule",
    "transform",
    "unicode/bidi",
    "unicode/cldr",
    "unicode/norm",
    "unicode/rangetable",
    "width",
  ]
  pruneopts = ""
  revision = "23ae387dee1f90d29a23c0e87ee0b46038fbed0e"
  version = "v0.3.3"

[[projects]]
  branch = "master"
  digest = "1:85a1238a7d9e7a430090e786f8ca952c03104f8af0a1d8d1a5afe6dfa2614cb2"
  name = "golang.org/x/tools"
  packages = [
    "go/ast/astutil",
    "imports",
    "internal/event",
    "internal/event/core",
    "internal/event/keys",
    "internal/event/label",
    "internal/fastwalk",
    "internal/gocommand",
    "internal/gopathwalk",
    "internal/imports",
  ]
  pruneopts = ""
  revision = "3c2036f9a94dbe2ee517e5101b3a5a51e3302b35"

[[projects]]
  branch = "master"
  digest = "1:a5a7a1a9560c0eb1f8b32c40da2e71bd2a05b9ff9e1ea294461c7dbe0d24c6bc"
  name = "golang.org/x/xerrors"
  packages = [
    ".",
    "internal",
  ]
  pruneopts = ""
  revision = "5ec99f83aff198f5fbd629d6c8d8eb38a04218ca"

[[projects]]
  digest = "1:0923ed679d96b9e53b8c43892e2094ebb5dccd0a66709b20c90f43c37ff71ff1"
  name = "gopkg.in/Clever/kayvee-go.v6"
  packages = [
    ".",
    "logger",
    "middleware",
    "router",
  ]
  pruneopts = ""
  revision = "1c544ce9daf62e3673f4f1ba0bffde53cd13f502"
  version = "v6.24.0"

[[projects]]
  branch = "v2"
  digest = "1:e56755c5336ff37d20befca76df29097085c85ea1fe58af746e3df6b815decfa"
  name = "gopkg.in/mgo.v2"
  packages = [
    "bson",
    "internal/json",
  ]
  pruneopts = ""
  revision = "a6b53ec6cb22a3699387a57a161566f9402ee85b"

[[projects]]
  branch = "v2"
  digest = "1:0963c61acf879ae8b78a659a2864016eb61020c46c93f402041684b80d5963b6"
  name = "gopkg.in/yaml.v2"
  packages = ["."]
  pruneopts = ""
  revision = "b893565b90ca5ebaabd27e535c0e56f97856e5ff"

[[projects]]
  branch = "v3"
  digest = "1:2e9c4d6def1d36dcd17730e00c06b49a2e97ea5e1e639bcd24fa60fa43e33ad6"
  name = "gopkg.in/yaml.v3"
  packages = ["."]
  pruneopts = ""
  revision = "eeeca48fe7764f320e4870d231902bf9c1be2c08"

[solve-meta]
  analyzer-name = "dep"
  analyzer-version = 1
  input-imports = [
    "github.com/Clever/discovery-go",
    "github.com/Clever/go-process-metrics/metrics",
    "github.com/Clever/pq",
    "github.com/Clever/wag/swagger",
    "github.com/afex/hystrix-go/hystrix",
    "github.com/donovanhide/eventsource",
    "github.com/ghodss/yaml",
    "github.com/go-errors/errors",
    "github.com/go-openapi/errors",
    "github.com/go-openapi/strfmt",
    "github.com/go-openapi/swag",
    "github.com/go-openapi/validate",
    "github.com/golang/mock/gomock",
    "github.com/golang/mock/mockgen",
    "github.com/gorilla/handlers",
    "github.com/gorilla/mux",
    "github.com/hashicorp/go-multierror",
    "github.com/jteeuwen/go-bindata/go-bindata",
    "github.com/kardianos/osext",
    "github.com/kevinburke/go-bindata/go-bindata",
    "github.com/opentracing/opentracing-go",
    "github.com/opentracing/opentracing-go/ext",
    "github.com/opentracing/opentracing-go/log",
    "github.com/stretchr/testify/assert",
    "github.com/stretchr/testify/require",
    "github.com/uber/jaeger-client-go",
    "github.com/uber/jaeger-client-go/config",
    "github.com/uber/jaeger-client-go/transport",
    "golang.org/x/net/context/ctxhttp",
    "golang.org/x/xerrors",
    "gopkg.in/Clever/kayvee-go.v6/logger",
    "gopkg.in/Clever/kayvee-go.v6/middleware",
  ]
  solver-name = "gps-cdcl"
  solver-version = 1
